// !$*UTF8*$!
{
	archiveVersion = 1;
	classes = {
	};
	objectVersion = 46;
	objects = {

/* Begin PBXBuildFile section */
		173A76451A8AE0CC003B4ACB /* main.m in Sources */ = {isa = PBXBuildFile; fileRef = 173A76441A8AE0CC003B4ACB /* main.m */; };
		173A764D1A8AE0EB003B4ACB /* Guitar.m in Sources */ = {isa = PBXBuildFile; fileRef = 173A764C1A8AE0EB003B4ACB /* Guitar.m */; };
		EBB5752F1A8B39A400727320 /* Item.m in Sources */ = {isa = PBXBuildFile; fileRef = EBB5752E1A8B39A400727320 /* Item.m */; };
/* End PBXBuildFile section */

/* Begin PBXCopyFilesBuildPhase section */
		173A763F1A8AE0CC003B4ACB /* CopyFiles */ = {
			isa = PBXCopyFilesBuildPhase;
			buildActionMask = 2147483647;
			dstPath = /usr/share/man/man1/;
			dstSubfolderSpec = 0;
			files = (
			);
			runOnlyForDeploymentPostprocessing = 1;
		};
/* End PBXCopyFilesBuildPhase section */

/* Begin PBXFileReference section */
		173A76411A8AE0CC003B4ACB /* chapter3 */ = {isa = PBXFileReference; explicitFileType = "compiled.mach-o.executable"; includeInIndex = 0; path = chapter3; sourceTree = BUILT_PRODUCTS_DIR; };
		173A76441A8AE0CC003B4ACB /* main.m */ = {isa = PBXFileReference; lastKnownFileType = sourcecode.c.objc; path = main.m; sourceTree = "<group>"; };
		173A764B1A8AE0EB003B4ACB /* Guitar.h */ = {isa = PBXFileReference; fileEncoding = 4; lastKnownFileType = sourcecode.c.h; path = Guitar.h; sourceTree = "<group>"; };
		173A764C1A8AE0EB003B4ACB /* Guitar.m */ = {isa = PBXFileReference; fileEncoding = 4; lastKnownFileType = sourcecode.c.objc; path = Guitar.m; sourceTree = "<group>"; };
		EBB5752D1A8B39A400727320 /* Item.h */ = {isa = PBXFileReference; fileEncoding = 4; lastKnownFileType = sourcecode.c.h; path = Item.h; sourceTree = "<group>"; };
		EBB5752E1A8B39A400727320 /* Item.m */ = {isa = PBXFileReference; fileEncoding = 4; lastKnownFileType = sourcecode.c.objc; path = Item.m; sourceTree = "<group>"; };
/* End PBXFileReference section */

/* Begin PBXFrameworksBuildPhase section */
		173A763E1A8AE0CC003B4ACB /* Frameworks */ = {
			isa = PBXFrameworksBuildPhase;
			buildActionMask = 2147483647;
			files = (
			);
			runOnlyForDeploymentPostprocessing = 0;
		};
/* End PBXFrameworksBuildPhase section */

/* Begin PBXGroup section */
		173A76381A8AE0CB003B4ACB = {
			isa = PBXGroup;
			children = (
				173A76431A8AE0CC003B4ACB /* chapter3 */,
				173A76421A8AE0CC003B4ACB /* Products */,
			);
			sourceTree = "<group>";
		};
		173A76421A8AE0CC003B4ACB /* Products */ = {
			isa = PBXGroup;
			children = (
				173A76411A8AE0CC003B4ACB /* chapter3 */,
			);
			name = Products;
			sourceTree = "<group>";
		};
		173A76431A8AE0CC003B4ACB /* chapter3 */ = {
			isa = PBXGroup;
			children = (
				EBB5752D1A8B39A400727320 /* Item.h */,
				EBB5752E1A8B39A400727320 /* Item.m */,
				173A76441A8AE0CC003B4ACB /* main.m */,
				173A764B1A8AE0EB003B4ACB /* Guitar.h */,
				173A764C1A8AE0EB003B4ACB /* Guitar.m */,
			);
			path = chapter3;
			sourceTree = "<group>";
		};
/* End PBXGroup section */

/* Begin PBXNativeTarget section */
		173A76401A8AE0CC003B4ACB /* chapter3 */ = {
			isa = PBXNativeTarget;
			buildConfigurationList = 173A76481A8AE0CC003B4ACB /* Build configuration list for PBXNativeTarget "chapter3" */;
			buildPhases = (
				173A763D1A8AE0CC003B4ACB /* Sources */,
				173A763E1A8AE0CC003B4ACB /* Frameworks */,
				173A763F1A8AE0CC003B4ACB /* CopyFiles */,
			);
			buildRules = (
			);
			dependencies = (
			);
			name = chapter3;
			productName = chapter3;
			productReference = 173A76411A8AE0CC003B4ACB /* chapter3 */;
			productType = "com.apple.product-type.tool";
		};
/* End PBXNativeTarget section */

/* Begin PBXProject section */
		173A76391A8AE0CC003B4ACB /* Project object */ = {
			isa = PBXProject;
			attributes = {
				LastUpgradeCheck = 0610;
				ORGANIZATIONNAME = "Suparn Gupta";
				TargetAttributes = {
					173A76401A8AE0CC003B4ACB = {
						CreatedOnToolsVersion = 6.1.1;
					};
				};
			};
			buildConfigurationList = 173A763C1A8AE0CC003B4ACB /* Build configuration list for PBXProject "chapter3" */;
			compatibilityVersion = "Xcode 3.2";
			developmentRegion = English;
			hasScannedForEncodings = 0;
			knownRegions = (
				en,
			);
			mainGroup = 173A76381A8AE0CB003B4ACB;
			productRefGroup = 173A76421A8AE0CC003B4ACB /* Products */;
			projectDirPath = "";
			projectRoot = "";
			targets = (
				173A76401A8AE0CC003B4ACB /* chapter3 */,
			);
		};
/* End PBXProject section */

/* Begin PBXSourcesBuildPhase section */
		173A763D1A8AE0CC003B4ACB /* Sources */ = {
			isa = PBXSourcesBuildPhase;
			buildActionMask = 2147483647;
			files = (
				EBB5752F1A8B39A400727320 /* Item.m in Sources */,
				173A76451A8AE0CC003B4ACB /* main.m in Sources */,
				173A764D1A8AE0EB003B4ACB /* Guitar.m in Sources */,
			);
			runOnlyForDeploymentPostprocessing = 0;
		};
/* End PBXSourcesBuildPhase section */

/* Begin XCBuildConfiguration section */
		173A76461A8AE0CC003B4ACB /* Debug */ = {
			isa = XCBuildConfiguration;
			buildSettings = {
				ALWAYS_SEARCH_USER_PATHS = NO;
				CLANG_CXX_LANGUAGE_STANDARD = "gnu++0x";
				CLANG_CXX_LIBRARY = "libc++";
				CLANG_ENABLE_MODULES = YES;
				CLANG_ENABLE_OBJC_ARC = YES;
				CLANG_WARN_BOOL_CONVERSION = YES;
				CLANG_WARN_CONSTANT_CONVERSION = YES;
				CLANG_WARN_DIRECT_OBJC_ISA_USAGE = YES_ERROR;
				CLANG_WARN_EMPTY_BODY = YES;
				CLANG_WARN_ENUM_CONVERSION = YES;
				CLANG_WARN_INT_CONVERSION = YES;
				CLANG_WARN_OBJC_ROOT_CLASS = YES_ERROR;
				CLANG_WARN_UNREACHABLE_CODE = YES;
				CLANG_WARN__DUPLICATE_METHOD_MATCH = YES;
				COPY_PHASE_STRIP = NO;
				ENABLE_STRICT_OBJC_MSGSEND = YES;
				GCC_C_LANGUAGE_STANDARD = gnu99;
				GCC_DYNAMIC_NO_PIC = NO;
				GCC_OPTIMIZATION_LEVEL = 0;
				GCC_PREPROCESSOR_DEFINITIONS = (
					"DEBUG=1",
					"$(inherited)",
				);
				GCC_SYMBOLS_PRIVATE_EXTERN = NO;
				GCC_WARN_64_TO_32_BIT_CONVERSION = YES;
				GCC_WARN_ABOUT_RETURN_TYPE = YES_ERROR;
				GCC_WARN_UNDECLARED_SELECTOR = YES;
				GCC_WARN_UNINITIALIZED_AUTOS = YES_AGGRESSIVE;
				GCC_WARN_UNUSED_FUNCTION = YES;
				GCC_WARN_UNUSED_VARIABLE = YES;
				MACOSX_DEPLOYMENT_TARGET = 10.10;
				MTL_ENABLE_DEBUG_INFO = YES;
				ONLY_ACTIVE_ARCH = YES;
				SDKROOT = macosx;
			};
			name = Debug;
		};
		173A76471A8AE0CC003B4ACB /* Release */ = {
			isa = XCBuildConfiguration;
			buildSettings = {
				ALWAYS_SEARCH_USER_PATHS = NO;
				CLANG_CXX_LANGUAGE_STANDARD = "gnu++0x";
				CLANG_CXX_LIBRARY = "libc++";
				CLANG_ENABLE_MODULES = YES;
				CLANG_ENABLE_OBJC_ARC = YES;
				CLANG_WARN_BOOL_CONVERSION = YES;
				CLANG_WARN_CONSTANT_CONVERSION = YES;
				CLANG_WARN_DIRECT_OBJC_ISA_USAGE = YES_ERROR;
				CLANG_WARN_EMPTY_BODY = YES;
				CLANG_WARN_ENUM_CONVERSION = YES;
				CLANG_WARN_INT_CONVERSION = YES;
				CLANG_WARN_OBJC_ROOT_CLASS = YES_ERROR;
				CLANG_WARN_UNREACHABLE_CODE = YES;
				CLANG_WARN__DUPLICATE_METHOD_MATCH = YES;
				COPY_PHASE_STRIP = YES;
				DEBUG_INFORMATION_FORMAT = "dwarf-with-dsym";
				ENABLE_NS_ASSERTIONS = NO;
				ENABLE_STRICT_OBJC_MSGSEND = YES;
				GCC_C_LANGUAGE_STANDARD = gnu99;
				GCC_WARN_64_TO_32_BIT_CONVERSION = YES;
				GCC_WARN_ABOUT_RETURN_TYPE = YES_ERROR;
				GCC_WARN_UNDECLARED_SELECTOR = YES;
				GCC_WARN_UNINITIALIZED_AUTOS = YES_AGGRESSIVE;
				GCC_WARN_UNUSED_FUNCTION = YES;
				GCC_WARN_UNUSED_VARIABLE = YES;
				MACOSX_DEPLOYMENT_TARGET = 10.10;
				MTL_ENABLE_DEBUG_INFO = NO;
				SDKROOT = macosx;
			};
			name = Release;
		};
		173A76491A8AE0CC003B4ACB /* Debug */ = {
			isa = XCBuildConfiguration;
			buildSettings = {
				PRODUCT_NAME = "$(TARGET_NAME)";
			};
			name = Debug;
		};
		173A764A1A8AE0CC003B4ACB /* Release */ = {
			isa = XCBuildConfiguration;
			buildSettings = {
				PRODUCT_NAME = "$(TARGET_NAME)";
			};
			name = Release;
		};
/* End XCBuildConfiguration section */

/* Begin XCConfigurationList section */
		173A763C1A8AE0CC003B4ACB /* Build configuration list for PBXProject "chapter3" */ = {
			isa = XCConfigurationList;
			buildConfigurations = (
				173A76461A8AE0CC003B4ACB /* Debug */,
				173A76471A8AE0CC003B4ACB /* Release */,
			);
			defaultConfigurationIsVisible = 0;
			defaultConfigurationName = Release;
		};
		173A76481A8AE0CC003B4ACB /* Build configuration list for PBXNativeTarget "chapter3" */ = {
			isa = XCConfigurationList;
			buildConfigurations = (
				173A76491A8AE0CC003B4ACB /* Debug */,
				173A764A1A8AE0CC003B4ACB /* Release */,
			);
			defaultConfigurationIsVisible = 0;
			defaultConfigurationName = Release;
		};
/* End XCConfigurationList section */
	};
	rootObject = 173A76391A8AE0CC003B4ACB /* Project object */;
}
